// !$*UTF8*$!
{
	archiveVersion = 1;
	classes = {
	};
	objectVersion = 50;
	objects = {

/* Begin PBXBuildFile section */
		B71BFB75207AAA5500B4E605 /* AppDelegate.swift in Sources */ = {isa = PBXBuildFile; fileRef = B71BFB74207AAA5500B4E605 /* AppDelegate.swift */; };
		B71BFB77207AAA5500B4E605 /* ViewController.swift in Sources */ = {isa = PBXBuildFile; fileRef = B71BFB76207AAA5500B4E605 /* ViewController.swift */; };
		B71BFB7A207AAA5500B4E605 /* Main.storyboard in Resources */ = {isa = PBXBuildFile; fileRef = B71BFB78207AAA5500B4E605 /* Main.storyboard */; };
		B71BFB7C207AAA5700B4E605 /* Assets.xcassets in Resources */ = {isa = PBXBuildFile; fileRef = B71BFB7B207AAA5700B4E605 /* Assets.xcassets */; };
		B71BFB7F207AAA5700B4E605 /* LaunchScreen.storyboard in Resources */ = {isa = PBXBuildFile; fileRef = B71BFB7D207AAA5700B4E605 /* LaunchScreen.storyboard */; };
		B71BFB8A207AAA5700B4E605 /* FloofTests.swift in Sources */ = {isa = PBXBuildFile; fileRef = B71BFB89207AAA5700B4E605 /* FloofTests.swift */; };
		B71BFB95207AAA5700B4E605 /* FloofUITests.swift in Sources */ = {isa = PBXBuildFile; fileRef = B71BFB94207AAA5700B4E605 /* FloofUITests.swift */; };
		B71BFBA3207ADEA700B4E605 /* UserTableViewController.swift in Sources */ = {isa = PBXBuildFile; fileRef = B71BFBA2207ADEA700B4E605 /* UserTableViewController.swift */; };
		B71BFBA5207B059B00B4E605 /* PostViewController.swift in Sources */ = {isa = PBXBuildFile; fileRef = B71BFBA4207B059B00B4E605 /* PostViewController.swift */; };
		E35AA89972A99349A7D02E6D /* Pods_Floof.framework in Frameworks */ = {isa = PBXBuildFile; fileRef = 7962B179E2183696349BA20B /* Pods_Floof.framework */; };
/* End PBXBuildFile section */

/* Begin PBXContainerItemProxy section */
		B71BFB86207AAA5700B4E605 /* PBXContainerItemProxy */ = {
			isa = PBXContainerItemProxy;
			containerPortal = B71BFB69207AAA5500B4E605 /* Project object */;
			proxyType = 1;
			remoteGlobalIDString = B71BFB70207AAA5500B4E605;
			remoteInfo = Floof;
		};
		B71BFB91207AAA5700B4E605 /* PBXContainerItemProxy */ = {
			isa = PBXContainerItemProxy;
			containerPortal = B71BFB69207AAA5500B4E605 /* Project object */;
			proxyType = 1;
			remoteGlobalIDString = B71BFB70207AAA5500B4E605;
			remoteInfo = Floof;
		};
/* End PBXContainerItemProxy section */

/* Begin PBXFileReference section */
		1502BCD2409DE8E0D20DAB25 /* Pods-Floof.debug.xcconfig */ = {isa = PBXFileReference; includeInIndex = 1; lastKnownFileType = text.xcconfig; name = "Pods-Floof.debug.xcconfig"; path = "Pods/Target Support Files/Pods-Floof/Pods-Floof.debug.xcconfig"; sourceTree = "<group>"; };
		7962B179E2183696349BA20B /* Pods_Floof.framework */ = {isa = PBXFileReference; explicitFileType = wrapper.framework; includeInIndex = 0; path = Pods_Floof.framework; sourceTree = BUILT_PRODUCTS_DIR; };
		B71BFB71207AAA5500B4E605 /* Floof.app */ = {isa = PBXFileReference; explicitFileType = wrapper.application; includeInIndex = 0; path = Floof.app; sourceTree = BUILT_PRODUCTS_DIR; };
		B71BFB74207AAA5500B4E605 /* AppDelegate.swift */ = {isa = PBXFileReference; lastKnownFileType = sourcecode.swift; path = AppDelegate.swift; sourceTree = "<group>"; };
		B71BFB76207AAA5500B4E605 /* ViewController.swift */ = {isa = PBXFileReference; lastKnownFileType = sourcecode.swift; path = ViewController.swift; sourceTree = "<group>"; };
		B71BFB79207AAA5500B4E605 /* Base */ = {isa = PBXFileReference; lastKnownFileType = file.storyboard; name = Base; path = Base.lproj/Main.storyboard; sourceTree = "<group>"; };
		B71BFB7B207AAA5700B4E605 /* Assets.xcassets */ = {isa = PBXFileReference; lastKnownFileType = folder.assetcatalog; path = Assets.xcassets; sourceTree = "<group>"; };
		B71BFB7E207AAA5700B4E605 /* Base */ = {isa = PBXFileReference; lastKnownFileType = file.storyboard; name = Base; path = Base.lproj/LaunchScreen.storyboard; sourceTree = "<group>"; };
		B71BFB80207AAA5700B4E605 /* Info.plist */ = {isa = PBXFileReference; lastKnownFileType = text.plist.xml; path = Info.plist; sourceTree = "<group>"; };
		B71BFB85207AAA5700B4E605 /* FloofTests.xctest */ = {isa = PBXFileReference; explicitFileType = wrapper.cfbundle; includeInIndex = 0; path = FloofTests.xctest; sourceTree = BUILT_PRODUCTS_DIR; };
		B71BFB89207AAA5700B4E605 /* FloofTests.swift */ = {isa = PBXFileReference; lastKnownFileType = sourcecode.swift; path = FloofTests.swift; sourceTree = "<group>"; };
		B71BFB8B207AAA5700B4E605 /* Info.plist */ = {isa = PBXFileReference; lastKnownFileType = text.plist.xml; path = Info.plist; sourceTree = "<group>"; };
		B71BFB90207AAA5700B4E605 /* FloofUITests.xctest */ = {isa = PBXFileReference; explicitFileType = wrapper.cfbundle; includeInIndex = 0; path = FloofUITests.xctest; sourceTree = BUILT_PRODUCTS_DIR; };
		B71BFB94207AAA5700B4E605 /* FloofUITests.swift */ = {isa = PBXFileReference; lastKnownFileType = sourcecode.swift; path = FloofUITests.swift; sourceTree = "<group>"; };
		B71BFB96207AAA5700B4E605 /* Info.plist */ = {isa = PBXFileReference; lastKnownFileType = text.plist.xml; path = Info.plist; sourceTree = "<group>"; };
		B71BFBA2207ADEA700B4E605 /* UserTableViewController.swift */ = {isa = PBXFileReference; lastKnownFileType = sourcecode.swift; path = UserTableViewController.swift; sourceTree = "<group>"; };
		B71BFBA4207B059B00B4E605 /* PostViewController.swift */ = {isa = PBXFileReference; lastKnownFileType = sourcecode.swift; path = PostViewController.swift; sourceTree = "<group>"; };
		CAA1D560C63857BA0CEA9BB0 /* Pods-Floof.release.xcconfig */ = {isa = PBXFileReference; includeInIndex = 1; lastKnownFileType = text.xcconfig; name = "Pods-Floof.release.xcconfig"; path = "Pods/Target Support Files/Pods-Floof/Pods-Floof.release.xcconfig"; sourceTree = "<group>"; };
/* End PBXFileReference section */

/* Begin PBXFrameworksBuildPhase section */
		B71BFB6E207AAA5500B4E605 /* Frameworks */ = {
			isa = PBXFrameworksBuildPhase;
			buildActionMask = 2147483647;
			files = (
				E35AA89972A99349A7D02E6D /* Pods_Floof.framework in Frameworks */,
			);
			runOnlyForDeploymentPostprocessing = 0;
		};
		B71BFB82207AAA5700B4E605 /* Frameworks */ = {
			isa = PBXFrameworksBuildPhase;
			buildActionMask = 2147483647;
			files = (
			);
			runOnlyForDeploymentPostprocessing = 0;
		};
		B71BFB8D207AAA5700B4E605 /* Frameworks */ = {
			isa = PBXFrameworksBuildPhase;
			buildActionMask = 2147483647;
			files = (
			);
			runOnlyForDeploymentPostprocessing = 0;
		};
/* End PBXFrameworksBuildPhase section */

/* Begin PBXGroup section */
		13B1045BE9AE515A38E32C4B /* Frameworks */ = {
			isa = PBXGroup;
			children = (
				7962B179E2183696349BA20B /* Pods_Floof.framework */,
			);
			name = Frameworks;
			sourceTree = "<group>";
		};
		92A53C682074C7391A733904 /* Pods */ = {
			isa = PBXGroup;
			children = (
				1502BCD2409DE8E0D20DAB25 /* Pods-Floof.debug.xcconfig */,
				CAA1D560C63857BA0CEA9BB0 /* Pods-Floof.release.xcconfig */,
			);
			name = Pods;
			sourceTree = "<group>";
		};
		B71BFB68207AAA5500B4E605 = {
			isa = PBXGroup;
			children = (
				B71BFB73207AAA5500B4E605 /* Floof */,
				B71BFB88207AAA5700B4E605 /* FloofTests */,
				B71BFB93207AAA5700B4E605 /* FloofUITests */,
				B71BFB72207AAA5500B4E605 /* Products */,
				92A53C682074C7391A733904 /* Pods */,
				13B1045BE9AE515A38E32C4B /* Frameworks */,
			);
			sourceTree = "<group>";
		};
		B71BFB72207AAA5500B4E605 /* Products */ = {
			isa = PBXGroup;
			children = (
				B71BFB71207AAA5500B4E605 /* Floof.app */,
				B71BFB85207AAA5700B4E605 /* FloofTests.xctest */,
				B71BFB90207AAA5700B4E605 /* FloofUITests.xctest */,
			);
			name = Products;
			sourceTree = "<group>";
		};
		B71BFB73207AAA5500B4E605 /* Floof */ = {
			isa = PBXGroup;
			children = (
				B71BFB74207AAA5500B4E605 /* AppDelegate.swift */,
				B71BFB76207AAA5500B4E605 /* ViewController.swift */,
				B71BFB78207AAA5500B4E605 /* Main.storyboard */,
				B71BFBA4207B059B00B4E605 /* PostViewController.swift */,
				B71BFBA2207ADEA700B4E605 /* UserTableViewController.swift */,
				B71BFB7B207AAA5700B4E605 /* Assets.xcassets */,
				B71BFB7D207AAA5700B4E605 /* LaunchScreen.storyboard */,
				B71BFB80207AAA5700B4E605 /* Info.plist */,
			);
			path = Floof;
			sourceTree = "<group>";
		};
		B71BFB88207AAA5700B4E605 /* FloofTests */ = {
			isa = PBXGroup;
			children = (
				B71BFB89207AAA5700B4E605 /* FloofTests.swift */,
				B71BFB8B207AAA5700B4E605 /* Info.plist */,
			);
			path = FloofTests;
			sourceTree = "<group>";
		};
		B71BFB93207AAA5700B4E605 /* FloofUITests */ = {
			isa = PBXGroup;
			children = (
				B71BFB94207AAA5700B4E605 /* FloofUITests.swift */,
				B71BFB96207AAA5700B4E605 /* Info.plist */,
			);
			path = FloofUITests;
			sourceTree = "<group>";
		};
/* End PBXGroup section */

/* Begin PBXNativeTarget section */
		B71BFB70207AAA5500B4E605 /* Floof */ = {
			isa = PBXNativeTarget;
			buildConfigurationList = B71BFB99207AAA5700B4E605 /* Build configuration list for PBXNativeTarget "Floof" */;
			buildPhases = (
				495CB393E50B31819E6EA316 /* [CP] Check Pods Manifest.lock */,
				B71BFB6D207AAA5500B4E605 /* Sources */,
				B71BFB6E207AAA5500B4E605 /* Frameworks */,
				B71BFB6F207AAA5500B4E605 /* Resources */,
				F746A45D390FCE2B31787EB4 /* [CP] Embed Pods Frameworks */,
			);
			buildRules = (
			);
			dependencies = (
			);
			name = Floof;
			productName = Floof;
			productReference = B71BFB71207AAA5500B4E605 /* Floof.app */;
			productType = "com.apple.product-type.application";
		};
		B71BFB84207AAA5700B4E605 /* FloofTests */ = {
			isa = PBXNativeTarget;
			buildConfigurationList = B71BFB9C207AAA5700B4E605 /* Build configuration list for PBXNativeTarget "FloofTests" */;
			buildPhases = (
				B71BFB81207AAA5700B4E605 /* Sources */,
				B71BFB82207AAA5700B4E605 /* Frameworks */,
				B71BFB83207AAA5700B4E605 /* Resources */,
			);
			buildRules = (
			);
			dependencies = (
				B71BFB87207AAA5700B4E605 /* PBXTargetDependency */,
			);
			name = FloofTests;
			productName = FloofTests;
			productReference = B71BFB85207AAA5700B4E605 /* FloofTests.xctest */;
			productType = "com.apple.product-type.bundle.unit-test";
		};
		B71BFB8F207AAA5700B4E605 /* FloofUITests */ = {
			isa = PBXNativeTarget;
			buildConfigurationList = B71BFB9F207AAA5700B4E605 /* Build configuration list for PBXNativeTarget "FloofUITests" */;
			buildPhases = (
				B71BFB8C207AAA5700B4E605 /* Sources */,
				B71BFB8D207AAA5700B4E605 /* Frameworks */,
				B71BFB8E207AAA5700B4E605 /* Resources */,
			);
			buildRules = (
			);
			dependencies = (
				B71BFB92207AAA5700B4E605 /* PBXTargetDependency */,
			);
			name = FloofUITests;
			productName = FloofUITests;
			productReference = B71BFB90207AAA5700B4E605 /* FloofUITests.xctest */;
			productType = "com.apple.product-type.bundle.ui-testing";
		};
/* End PBXNativeTarget section */

/* Begin PBXProject section */
		B71BFB69207AAA5500B4E605 /* Project object */ = {
			isa = PBXProject;
			attributes = {
				LastSwiftUpdateCheck = 0930;
				LastUpgradeCheck = 0930;
				ORGANIZATIONNAME = Marshmallow;
				TargetAttributes = {
					B71BFB70207AAA5500B4E605 = {
						CreatedOnToolsVersion = 9.3;
					};
					B71BFB84207AAA5700B4E605 = {
						CreatedOnToolsVersion = 9.3;
						TestTargetID = B71BFB70207AAA5500B4E605;
					};
					B71BFB8F207AAA5700B4E605 = {
						CreatedOnToolsVersion = 9.3;
						TestTargetID = B71BFB70207AAA5500B4E605;
					};
				};
			};
			buildConfigurationList = B71BFB6C207AAA5500B4E605 /* Build configuration list for PBXProject "Floof" */;
			compatibilityVersion = "Xcode 9.3";
			developmentRegion = en;
			hasScannedForEncodings = 0;
			knownRegions = (
				en,
				Base,
			);
			mainGroup = B71BFB68207AAA5500B4E605;
			productRefGroup = B71BFB72207AAA5500B4E605 /* Products */;
			projectDirPath = "";
			projectRoot = "";
			targets = (
				B71BFB70207AAA5500B4E605 /* Floof */,
				B71BFB84207AAA5700B4E605 /* FloofTests */,
				B71BFB8F207AAA5700B4E605 /* FloofUITests */,
			);
		};
/* End PBXProject section */

/* Begin PBXResourcesBuildPhase section */
		B71BFB6F207AAA5500B4E605 /* Resources */ = {
			isa = PBXResourcesBuildPhase;
			buildActionMask = 2147483647;
			files = (
				B71BFB7F207AAA5700B4E605 /* LaunchScreen.storyboard in Resources */,
				B71BFB7C207AAA5700B4E605 /* Assets.xcassets in Resources */,
				B71BFB7A207AAA5500B4E605 /* Main.storyboard in Resources */,
			);
			runOnlyForDeploymentPostprocessing = 0;
		};
		B71BFB83207AAA5700B4E605 /* Resources */ = {
			isa = PBXResourcesBuildPhase;
			buildActionMask = 2147483647;
			files = (
			);
			runOnlyForDeploymentPostprocessing = 0;
		};
		B71BFB8E207AAA5700B4E605 /* Resources */ = {
			isa = PBXResourcesBuildPhase;
			buildActionMask = 2147483647;
			files = (
			);
			runOnlyForDeploymentPostprocessing = 0;
		};
/* End PBXResourcesBuildPhase section */

/* Begin PBXShellScriptBuildPhase section */
		495CB393E50B31819E6EA316 /* [CP] Check Pods Manifest.lock */ = {
			isa = PBXShellScriptBuildPhase;
			buildActionMask = 2147483647;
			files = (
			);
			inputPaths = (
				"${PODS_PODFILE_DIR_PATH}/Podfile.lock",
				"${PODS_ROOT}/Manifest.lock",
			);
			name = "[CP] Check Pods Manifest.lock";
			outputPaths = (
				"$(DERIVED_FILE_DIR)/Pods-Floof-checkManifestLockResult.txt",
			);
			runOnlyForDeploymentPostprocessing = 0;
			shellPath = /bin/sh;
			shellScript = "diff \"${PODS_PODFILE_DIR_PATH}/Podfile.lock\" \"${PODS_ROOT}/Manifest.lock\" > /dev/null\nif [ $? != 0 ] ; then\n    # print error to STDERR\n    echo \"error: The sandbox is not in sync with the Podfile.lock. Run 'pod install' or update your CocoaPods installation.\" >&2\n    exit 1\nfi\n# This output is used by Xcode 'outputs' to avoid re-running this script phase.\necho \"SUCCESS\" > \"${SCRIPT_OUTPUT_FILE_0}\"\n";
			showEnvVarsInLog = 0;
		};
		F746A45D390FCE2B31787EB4 /* [CP] Embed Pods Frameworks */ = {
			isa = PBXShellScriptBuildPhase;
			buildActionMask = 2147483647;
			files = (
			);
			inputPaths = (
				"${SRCROOT}/Pods/Target Support Files/Pods-Floof/Pods-Floof-frameworks.sh",
				"${BUILT_PRODUCTS_DIR}/Bolts/Bolts.framework",
				"${BUILT_PRODUCTS_DIR}/Parse/Parse.framework",
			);
			name = "[CP] Embed Pods Frameworks";
			outputPaths = (
				"${TARGET_BUILD_DIR}/${FRAMEWORKS_FOLDER_PATH}/Bolts.framework",
				"${TARGET_BUILD_DIR}/${FRAMEWORKS_FOLDER_PATH}/Parse.framework",
			);
			runOnlyForDeploymentPostprocessing = 0;
			shellPath = /bin/sh;
			shellScript = "\"${SRCROOT}/Pods/Target Support Files/Pods-Floof/Pods-Floof-frameworks.sh\"\n";
			showEnvVarsInLog = 0;
		};
/* End PBXShellScriptBuildPhase section */

/* Begin PBXSourcesBuildPhase section */
		B71BFB6D207AAA5500B4E605 /* Sources */ = {
			isa = PBXSourcesBuildPhase;
			buildActionMask = 2147483647;
			files = (
				B71BFBA5207B059B00B4E605 /* PostViewController.swift in Sources */,
				B71BFB77207AAA5500B4E605 /* ViewController.swift in Sources */,
				B71BFBA3207ADEA700B4E605 /* UserTableViewController.swift in Sources */,
				B71BFB75207AAA5500B4E605 /* AppDelegate.swift in Sources */,
			);
			runOnlyForDeploymentPostprocessing = 0;
		};
		B71BFB81207AAA5700B4E605 /* Sources */ = {
			isa = PBXSourcesBuildPhase;
			buildActionMask = 2147483647;
			files = (
				B71BFB8A207AAA5700B4E605 /* FloofTests.swift in Sources */,
			);
			runOnlyForDeploymentPostprocessing = 0;
		};
		B71BFB8C207AAA5700B4E605 /* Sources */ = {
			isa = PBXSourcesBuildPhase;
			buildActionMask = 2147483647;
			files = (
				B71BFB95207AAA5700B4E605 /* FloofUITests.swift in Sources */,
			);
			runOnlyForDeploymentPostprocessing = 0;
		};
/* End PBXSourcesBuildPhase section */

/* Begin PBXTargetDependency section */
		B71BFB87207AAA5700B4E605 /* PBXTargetDependency */ = {
			isa = PBXTargetDependency;
			target = B71BFB70207AAA5500B4E605 /* Floof */;
			targetProxy = B71BFB86207AAA5700B4E605 /* PBXContainerItemProxy */;
		};
		B71BFB92207AAA5700B4E605 /* PBXTargetDependency */ = {
			isa = PBXTargetDependency;
			target = B71BFB70207AAA5500B4E605 /* Floof */;
			targetProxy = B71BFB91207AAA5700B4E605 /* PBXContainerItemProxy */;
		};
/* End PBXTargetDependency section */

/* Begin PBXVariantGroup section */
		B71BFB78207AAA5500B4E605 /* Main.storyboard */ = {
			isa = PBXVariantGroup;
			children = (
				B71BFB79207AAA5500B4E605 /* Base */,
			);
			name = Main.storyboard;
			sourceTree = "<group>";
		};
		B71BFB7D207AAA5700B4E605 /* LaunchScreen.storyboard */ = {
			isa = PBXVariantGroup;
			children = (
				B71BFB7E207AAA5700B4E605 /* Base */,
			);
			name = LaunchScreen.storyboard;
			sourceTree = "<group>";
		};
/* End PBXVariantGroup section */

/* Begin XCBuildConfiguration section */
		B71BFB97207AAA5700B4E605 /* Debug */ = {
			isa = XCBuildConfiguration;
			buildSettings = {
				ALWAYS_SEARCH_USER_PATHS = NO;
				CLANG_ANALYZER_NONNULL = YES;
				CLANG_ANALYZER_NUMBER_OBJECT_CONVERSION = YES_AGGRESSIVE;
				CLANG_CXX_LANGUAGE_STANDARD = "gnu++14";
				CLANG_CXX_LIBRARY = "libc++";
				CLANG_ENABLE_MODULES = YES;
				CLANG_ENABLE_OBJC_ARC = YES;
				CLANG_ENABLE_OBJC_WEAK = YES;
				CLANG_WARN_BLOCK_CAPTURE_AUTORELEASING = YES;
				CLANG_WARN_BOOL_CONVERSION = YES;
				CLANG_WARN_COMMA = YES;
				CLANG_WARN_CONSTANT_CONVERSION = YES;
				CLANG_WARN_DEPRECATED_OBJC_IMPLEMENTATIONS = YES;
				CLANG_WARN_DIRECT_OBJC_ISA_USAGE = YES_ERROR;
				CLANG_WARN_DOCUMENTATION_COMMENTS = YES;
				CLANG_WARN_EMPTY_BODY = YES;
				CLANG_WARN_ENUM_CONVERSION = YES;
				CLANG_WARN_INFINITE_RECURSION = YES;
				CLANG_WARN_INT_CONVERSION = YES;
				CLANG_WARN_NON_LITERAL_NULL_CONVERSION = YES;
				CLANG_WARN_OBJC_IMPLICIT_RETAIN_SELF = YES;
				CLANG_WARN_OBJC_LITERAL_CONVERSION = YES;
				CLANG_WARN_OBJC_ROOT_CLASS = YES_ERROR;
				CLANG_WARN_RANGE_LOOP_ANALYSIS = YES;
				CLANG_WARN_STRICT_PROTOTYPES = YES;
				CLANG_WARN_SUSPICIOUS_MOVE = YES;
				CLANG_WARN_UNGUARDED_AVAILABILITY = YES_AGGRESSIVE;
				CLANG_WARN_UNREACHABLE_CODE = YES;
				CLANG_WARN__DUPLICATE_METHOD_MATCH = YES;
				CODE_SIGN_IDENTITY = "iPhone Developer";
				COPY_PHASE_STRIP = NO;
				DEBUG_INFORMATION_FORMAT = dwarf;
				ENABLE_STRICT_OBJC_MSGSEND = YES;
				ENABLE_TESTABILITY = YES;
				GCC_C_LANGUAGE_STANDARD = gnu11;
				GCC_DYNAMIC_NO_PIC = NO;
				GCC_NO_COMMON_BLOCKS = YES;
				GCC_OPTIMIZATION_LEVEL = 0;
				GCC_PREPROCESSOR_DEFINITIONS = (
					"DEBUG=1",
					"$(inherited)",
				);
				GCC_WARN_64_TO_32_BIT_CONVERSION = YES;
				GCC_WARN_ABOUT_RETURN_TYPE = YES_ERROR;
				GCC_WARN_UNDECLARED_SELECTOR = YES;
				GCC_WARN_UNINITIALIZED_AUTOS = YES_AGGRESSIVE;
				GCC_WARN_UNUSED_FUNCTION = YES;
				GCC_WARN_UNUSED_VARIABLE = YES;
				IPHONEOS_DEPLOYMENT_TARGET = 11.3;
				MTL_ENABLE_DEBUG_INFO = YES;
				ONLY_ACTIVE_ARCH = YES;
				SDKROOT = iphoneos;
				SWIFT_ACTIVE_COMPILATION_CONDITIONS = DEBUG;
				SWIFT_OPTIMIZATION_LEVEL = "-Onone";
			};
			name = Debug;
		};
		B71BFB98207AAA5700B4E605 /* Release */ = {
			isa = XCBuildConfiguration;
			buildSettings = {
				ALWAYS_SEARCH_USER_PATHS = NO;
				CLANG_ANALYZER_NONNULL = YES;
				CLANG_ANALYZER_NUMBER_OBJECT_CONVERSION = YES_AGGRESSIVE;
				CLANG_CXX_LANGUAGE_STANDARD = "gnu++14";
				CLANG_CXX_LIBRARY = "libc++";
				CLANG_ENABLE_MODULES = YES;
				CLANG_ENABLE_OBJC_ARC = YES;
				CLANG_ENABLE_OBJC_WEAK = YES;
				CLANG_WARN_BLOCK_CAPTURE_AUTORELEASING = YES;
				CLANG_WARN_BOOL_CONVERSION = YES;
				CLANG_WARN_COMMA = YES;
				CLANG_WARN_CONSTANT_CONVERSION = YES;
				CLANG_WARN_DEPRECATED_OBJC_IMPLEMENTATIONS = YES;
				CLANG_WARN_DIRECT_OBJC_ISA_USAGE = YES_ERROR;
				CLANG_WARN_DOCUMENTATION_COMMENTS = YES;
				CLANG_WARN_EMPTY_BODY = YES;
				CLANG_WARN_ENUM_CONVERSION = YES;
				CLANG_WARN_INFINITE_RECURSION = YES;
				CLANG_WARN_INT_CONVERSION = YES;
				CLANG_WARN_NON_LITERAL_NULL_CONVERSION = YES;
				CLANG_WARN_OBJC_IMPLICIT_RETAIN_SELF = YES;
				CLANG_WARN_OBJC_LITERAL_CONVERSION = YES;
				CLANG_WARN_OBJC_ROOT_CLASS = YES_ERROR;
				CLANG_WARN_RANGE_LOOP_ANALYSIS = YES;
				CLANG_WARN_STRICT_PROTOTYPES = YES;
				CLANG_WARN_SUSPICIOUS_MOVE = YES;
				CLANG_WARN_UNGUARDED_AVAILABILITY = YES_AGGRESSIVE;
				CLANG_WARN_UNREACHABLE_CODE = YES;
				CLANG_WARN__DUPLICATE_METHOD_MATCH = YES;
				CODE_SIGN_IDENTITY = "iPhone Developer";
				COPY_PHASE_STRIP = NO;
				DEBUG_INFORMATION_FORMAT = "dwarf-with-dsym";
				ENABLE_NS_ASSERTIONS = NO;
				ENABLE_STRICT_OBJC_MSGSEND = YES;
				GCC_C_LANGUAGE_STANDARD = gnu11;
				GCC_NO_COMMON_BLOCKS = YES;
				GCC_WARN_64_TO_32_BIT_CONVERSION = YES;
				GCC_WARN_ABOUT_RETURN_TYPE = YES_ERROR;
				GCC_WARN_UNDECLARED_SELECTOR = YES;
				GCC_WARN_UNINITIALIZED_AUTOS = YES_AGGRESSIVE;
				GCC_WARN_UNUSED_FUNCTION = YES;
				GCC_WARN_UNUSED_VARIABLE = YES;
				IPHONEOS_DEPLOYMENT_TARGET = 11.3;
				MTL_ENABLE_DEBUG_INFO = NO;
				SDKROOT = iphoneos;
				SWIFT_COMPILATION_MODE = wholemodule;
				SWIFT_OPTIMIZATION_LEVEL = "-O";
				VALIDATE_PRODUCT = YES;
			};
			name = Release;
		};
		B71BFB9A207AAA5700B4E605 /* Debug */ = {
			isa = XCBuildConfiguration;
			baseConfigurationReference = 1502BCD2409DE8E0D20DAB25 /* Pods-Floof.debug.xcconfig */;
			buildSettings = {
				ASSETCATALOG_COMPILER_APPICON_NAME = AppIcon;
				CODE_SIGN_STYLE = Automatic;
				DEVELOPMENT_TEAM = 4KK3B62TT6;
				INFOPLIST_FILE = Floof/Info.plist;
				LD_RUNPATH_SEARCH_PATHS = (
					"$(inherited)",
					"@executable_path/Frameworks",
				);
				PRODUCT_BUNDLE_IDENTIFIER = com.Marshmallow.Floof;
				PRODUCT_NAME = "$(TARGET_NAME)";
				SWIFT_VERSION = 4.0;
				TARGETED_DEVICE_FAMILY = "1,2";
			};
			name = Debug;
		};
		B71BFB9B207AAA5700B4E605 /* Release */ = {
			isa = XCBuildConfiguration;
			baseConfigurationReference = CAA1D560C63857BA0CEA9BB0 /* Pods-Floof.release.xcconfig */;
			buildSettings = {
				ASSETCATALOG_COMPILER_APPICON_NAME = AppIcon;
				CODE_SIGN_STYLE = Automatic;
				DEVELOPMENT_TEAM = 4KK3B62TT6;
				INFOPLIST_FILE = Floof/Info.plist;
				LD_RUNPATH_SEARCH_PATHS = (
					"$(inherited)",
					"@executable_path/Frameworks",
				);
				PRODUCT_BUNDLE_IDENTIFIER = com.Marshmallow.Floof;
				PRODUCT_NAME = "$(TARGET_NAME)";
				SWIFT_VERSION = 4.0;
				TARGETED_DEVICE_FAMILY = "1,2";
			};
			name = Release;
		};
		B71BFB9D207AAA5700B4E605 /* Debug */ = {
			isa = XCBuildConfiguration;
			buildSettings = {
				ALWAYS_EMBED_SWIFT_STANDARD_LIBRARIES = YES;
				BUNDLE_LOADER = "$(TEST_HOST)";
				CODE_SIGN_STYLE = Automatic;
				DEVELOPMENT_TEAM = 4KK3B62TT6;
				INFOPLIST_FILE = FloofTests/Info.plist;
				LD_RUNPATH_SEARCH_PATHS = (
					"$(inherited)",
					"@executable_path/Frameworks",
					"@loader_path/Frameworks",
				);
				PRODUCT_BUNDLE_IDENTIFIER = com.Marshmallow.FloofTests;
				PRODUCT_NAME = "$(TARGET_NAME)";
				SWIFT_VERSION = 4.0;
				TARGETED_DEVICE_FAMILY = "1,2";
				TEST_HOST = "$(BUILT_PRODUCTS_DIR)/Floof.app/Floof";
			};
			name = Debug;
		};
		B71BFB9E207AAA5700B4E605 /* Release */ = {
			isa = XCBuildConfiguration;
			buildSettings = {
				ALWAYS_EMBED_SWIFT_STANDARD_LIBRARIES = YES;
				BUNDLE_LOADER = "$(TEST_HOST)";
				CODE_SIGN_STYLE = Automatic;
				DEVELOPMENT_TEAM = 4KK3B62TT6;
				INFOPLIST_FILE = FloofTests/Info.plist;
				LD_RUNPATH_SEARCH_PATHS = (
					"$(inherited)",
					"@executable_path/Frameworks",
					"@loader_path/Frameworks",
				);
				PRODUCT_BUNDLE_IDENTIFIER = com.Marshmallow.FloofTests;
				PRODUCT_NAME = "$(TARGET_NAME)";
				SWIFT_VERSION = 4.0;
				TARGETED_DEVICE_FAMILY = "1,2";
				TEST_HOST = "$(BUILT_PRODUCTS_DIR)/Floof.app/Floof";
			};
			name = Release;
		};
		B71BFBA0207AAA5700B4E605 /* Debug */ = {
			isa = XCBuildConfiguration;
			buildSettings = {
				ALWAYS_EMBED_SWIFT_STANDARD_LIBRARIES = YES;
				CODE_SIGN_STYLE = Automatic;
				DEVELOPMENT_TEAM = 4KK3B62TT6;
				INFOPLIST_FILE = FloofUITests/Info.plist;
				LD_RUNPATH_SEARCH_PATHS = (
					"$(inherited)",
					"@executable_path/Frameworks",
					"@loader_path/Frameworks",
				);
				PRODUCT_BUNDLE_IDENTIFIER = com.Marshmallow.FloofUITests;
				PRODUCT_NAME = "$(TARGET_NAME)";
				SWIFT_VERSION = 4.0;
				TARGETED_DEVICE_FAMILY = "1,2";
				TEST_TARGET_NAME = Floof;
			};
			name = Debug;
		};
		B71BFBA1207AAA5700B4E605 /* Release */ = {
			isa = XCBuildConfiguration;
			buildSettings = {
				ALWAYS_EMBED_SWIFT_STANDARD_LIBRARIES = YES;
				CODE_SIGN_STYLE = Automatic;
				DEVELOPMENT_TEAM = 4KK3B62TT6;
				INFOPLIST_FILE = FloofUITests/Info.plist;
				LD_RUNPATH_SEARCH_PATHS = (
					"$(inherited)",
					"@executable_path/Frameworks",
					"@loader_path/Frameworks",
				);
				PRODUCT_BUNDLE_IDENTIFIER = com.Marshmallow.FloofUITests;
				PRODUCT_NAME = "$(TARGET_NAME)";
				SWIFT_VERSION = 4.0;
				TARGETED_DEVICE_FAMILY = "1,2";
				TEST_TARGET_NAME = Floof;
			};
			name = Release;
		};
/* End XCBuildConfiguration section */

/* Begin XCConfigurationList section */
		B71BFB6C207AAA5500B4E605 /* Build configuration list for PBXProject "Floof" */ = {
			isa = XCConfigurationList;
			buildConfigurations = (
				B71BFB97207AAA5700B4E605 /* Debug */,
				B71BFB98207AAA5700B4E605 /* Release */,
			);
			defaultConfigurationIsVisible = 0;
			defaultConfigurationName = Release;
		};
		B71BFB99207AAA5700B4E605 /* Build configuration list for PBXNativeTarget "Floof" */ = {
			isa = XCConfigurationList;
			buildConfigurations = (
				B71BFB9A207AAA5700B4E605 /* Debug */,
				B71BFB9B207AAA5700B4E605 /* Release */,
			);
			defaultConfigurationIsVisible = 0;
			defaultConfigurationName = Release;
		};
		B71BFB9C207AAA5700B4E605 /* Build configuration list for PBXNativeTarget "FloofTests" */ = {
			isa = XCConfigurationList;
			buildConfigurations = (
				B71BFB9D207AAA5700B4E605 /* Debug */,
				B71BFB9E207AAA5700B4E605 /* Release */,
			);
			defaultConfigurationIsVisible = 0;
			defaultConfigurationName = Release;
		};
		B71BFB9F207AAA5700B4E605 /* Build configuration list for PBXNativeTarget "FloofUITests" */ = {
			isa = XCConfigurationList;
			buildConfigurations = (
				B71BFBA0207AAA5700B4E605 /* Debug */,
				B71BFBA1207AAA5700B4E605 /* Release */,
			);
			defaultConfigurationIsVisible = 0;
			defaultConfigurationName = Release;
		};
/* End XCConfigurationList section */
	};
	rootObject = B71BFB69207AAA5500B4E605 /* Project object */;
}
